
Microsoft Visual Studio Solution File, Format Version 12.00
# Visual Studio Version 16
VisualStudioVersion = 16.0.30309.148
MinimumVisualStudioVersion = 10.0.40219.1
Project("{FAE04EC0-301F-11D3-BF4B-00C04F79EFBC}") = "SolentroFrame", "SolentroFrame\SolentroFrame.csproj", "{39DBB378-167A-4575-8504-91486B0796C1}"
EndProject
Project("{FAE04EC0-301F-11D3-BF4B-00C04F79EFBC}") = "SolentroTest", "SolentroTest\SolentroTest.csproj", "{3D52AF5E-A5BB-4B53-8214-0A51DE035397}"
EndProject
Global
	GlobalSection(SolutionConfigurationPlatforms) = preSolution
		Debug|Any CPU = Debug|Any CPU
		Release|Any CPU = Release|Any CPU
	EndGlobalSection
	GlobalSection(ProjectConfigurationPlatforms) = postSolution
		{39DBB378-167A-4575-8504-91486B0796C1}.Debug|Any CPU.ActiveCfg = Debug|Any CPU
		{39DBB378-167A-4575-8504-91486B0796C1}.Debug|Any CPU.Build.0 = Debug|Any CPU
		{39DBB378-167A-4575-8504-91486B0796C1}.Release|Any CPU.ActiveCfg = Release|Any CPU
		{39DBB378-167A-4575-8504-91486B0796C1}.Release|Any CPU.Build.0 = Release|Any CPU
		{3D52AF5E-A5BB-4B53-8214-0A51DE035397}.Debug|Any CPU.ActiveCfg = Debug|Any CPU
		{3D52AF5E-A5BB-4B53-8214-0A51DE035397}.Debug|Any CPU.Build.0 = Debug|Any CPU
		{3D52AF5E-A5BB-4B53-8214-0A51DE035397}.Release|Any CPU.ActiveCfg = Release|Any CPU
		{3D52AF5E-A5BB-4B53-8214-0A51DE035397}.Release|Any CPU.Build.0 = Release|Any CPU
	EndGlobalSection
	GlobalSection(SolutionProperties) = preSolution
		HideSolutionNode = FALSE
	EndGlobalSection
	GlobalSection(ExtensibilityGlobals) = postSolution
		SolutionGuid = {269D7FF1-D09D-443F-982C-0D8035468482}
	EndGlobalSection
EndGlobal
